
Microsoft Visual Studio Solution File, Format Version 12.00
# Visual Studio Version 17
VisualStudioVersion = 17.2.32505.173
MinimumVisualStudioVersion = 10.0.40219.1
Project("{9A19103F-16F7-4668-BE54-9A1E7A4F7556}") = "PtcChallenge", "PtcChallenge\PtcChallenge.csproj", "{82176E45-E116-4838-8163-3D59077C6696}"
EndProject
Project("{9A19103F-16F7-4668-BE54-9A1E7A4F7556}") = "Data", "Data\Data.csproj", "{BA239524-2F99-4976-B7EE-5726C7F08F55}"
EndProject
Project("{9A19103F-16F7-4668-BE54-9A1E7A4F7556}") = "Domain", "Domain\Domain.csproj", "{7C3D23B5-CCAC-4600-9D6E-5AA8B956BEEB}"
EndProject
Project("{9A19103F-16F7-4668-BE54-9A1E7A4F7556}") = "Services", "Services\Services.csproj", "{73C469A2-CF7B-4043-B0FA-DBCA13F584C6}"
EndProject
Project("{FAE04EC0-301F-11D3-BF4B-00C04F79EFBC}") = "Tests", "Tests\Tests.csproj", "{FD7E8C5B-5836-41B4-A9C6-9C8488F19E1F}"
EndProject
Global
	GlobalSection(SolutionConfigurationPlatforms) = preSolution
		Debug|Any CPU = Debug|Any CPU
		Release|Any CPU = Release|Any CPU
	EndGlobalSection
	GlobalSection(ProjectConfigurationPlatforms) = postSolution
		{82176E45-E116-4838-8163-3D59077C6696}.Debug|Any CPU.ActiveCfg = Debug|Any CPU
		{82176E45-E116-4838-8163-3D59077C6696}.Debug|Any CPU.Build.0 = Debug|Any CPU
		{82176E45-E116-4838-8163-3D59077C6696}.Release|Any CPU.ActiveCfg = Release|Any CPU
		{82176E45-E116-4838-8163-3D59077C6696}.Release|Any CPU.Build.0 = Release|Any CPU
		{BA239524-2F99-4976-B7EE-5726C7F08F55}.Debug|Any CPU.ActiveCfg = Debug|Any CPU
		{BA239524-2F99-4976-B7EE-5726C7F08F55}.Debug|Any CPU.Build.0 = Debug|Any CPU
		{BA239524-2F99-4976-B7EE-5726C7F08F55}.Release|Any CPU.ActiveCfg = Release|Any CPU
		{BA239524-2F99-4976-B7EE-5726C7F08F55}.Release|Any CPU.Build.0 = Release|Any CPU
		{7C3D23B5-CCAC-4600-9D6E-5AA8B956BEEB}.Debug|Any CPU.ActiveCfg = Debug|Any CPU
		{7C3D23B5-CCAC-4600-9D6E-5AA8B956BEEB}.Debug|Any CPU.Build.0 = Debug|Any CPU
		{7C3D23B5-CCAC-4600-9D6E-5AA8B956BEEB}.Release|Any CPU.ActiveCfg = Release|Any CPU
		{7C3D23B5-CCAC-4600-9D6E-5AA8B956BEEB}.Release|Any CPU.Build.0 = Release|Any CPU
		{73C469A2-CF7B-4043-B0FA-DBCA13F584C6}.Debug|Any CPU.ActiveCfg = Debug|Any CPU
		{73C469A2-CF7B-4043-B0FA-DBCA13F584C6}.Debug|Any CPU.Build.0 = Debug|Any CPU
		{73C469A2-CF7B-4043-B0FA-DBCA13F584C6}.Release|Any CPU.ActiveCfg = Release|Any CPU
		{73C469A2-CF7B-4043-B0FA-DBCA13F584C6}.Release|Any CPU.Build.0 = Release|Any CPU
		{FD7E8C5B-5836-41B4-A9C6-9C8488F19E1F}.Debug|Any CPU.ActiveCfg = Debug|Any CPU
		{FD7E8C5B-5836-41B4-A9C6-9C8488F19E1F}.Debug|Any CPU.Build.0 = Debug|Any CPU
		{FD7E8C5B-5836-41B4-A9C6-9C8488F19E1F}.Release|Any CPU.ActiveCfg = Release|Any CPU
		{FD7E8C5B-5836-41B4-A9C6-9C8488F19E1F}.Release|Any CPU.Build.0 = Release|Any CPU
	EndGlobalSection
	GlobalSection(SolutionProperties) = preSolution
		HideSolutionNode = FALSE
	EndGlobalSection
	GlobalSection(ExtensibilityGlobals) = postSolution
		SolutionGuid = {3F5BB6AC-43AD-4D21-A02E-5CF47268CA75}
	EndGlobalSection
EndGlobal
